
Microsoft Visual Studio Solution File, Format Version 12.00
# Visual Studio Version 16
VisualStudioVersion = 16.0.32510.428
MinimumVisualStudioVersion = 10.0.40219.1
Project("{9A19103F-16F7-4668-BE54-9A1E7A4F7556}") = "ExComposicao2", "ExComposicao2\ExComposicao2.csproj", "{512D8728-703D-4A35-95E6-FBABBB2E77B9}"
EndProject
Project("{9A19103F-16F7-4668-BE54-9A1E7A4F7556}") = "ExComposicao1", "ExComposicao1\ExComposicao1.csproj", "{100E2384-4507-477C-A9DA-82418CF0BD9F}"
EndProject
Project("{9A19103F-16F7-4668-BE54-9A1E7A4F7556}") = "ExComposicao3", "ExComposicao3\ExComposicao3.csproj", "{54DACC7C-D4F1-4A7E-91B0-FD7A2616FAF4}"
EndProject
Project("{9A19103F-16F7-4668-BE54-9A1E7A4F7556}") = "PolimorfismoEx1", "PolimorfismoEx1\PolimorfismoEx1.csproj", "{416DC81E-0873-46E3-8CA9-8E7D9A40C0FF}"
EndProject
Project("{9A19103F-16F7-4668-BE54-9A1E7A4F7556}") = "PolimorfismoExFixação", "PolimorfismoExFixação\PolimorfismoExFixação.csproj", "{202D9A2A-9457-4E5C-AE93-77A40EA4018B}"
EndProject
Project("{9A19103F-16F7-4668-BE54-9A1E7A4F7556}") = "ExFixacaoMetodosAbstratos", "ExFixacaoMetodosAbstratos\ExFixacaoMetodosAbstratos.csproj", "{74A14C97-0053-4DD3-851A-8131FDEE8A1E}"
EndProject
Project("{9A19103F-16F7-4668-BE54-9A1E7A4F7556}") = "ExFixacaoTryCatch", "ExFixacaoTryCatch\ExFixacaoTryCatch.csproj", "{36D940E4-4A88-454C-AEE6-F70AD551D2CC}"
EndProject
Project("{9A19103F-16F7-4668-BE54-9A1E7A4F7556}") = "ExFixacaoArquivos", "ExFixacaoArquivos\ExFixacaoArquivos.csproj", "{75F9D8F6-8C91-4F4F-9341-06C472491BB3}"
EndProject
Project("{9A19103F-16F7-4668-BE54-9A1E7A4F7556}") = "ExFixacaoInterfaceServices", "ExFixacaoInterfaceServices\ExFixacaoInterfaceServices.csproj", "{EBA541EE-555D-4067-90B6-DB68169742FC}"
EndProject
Project("{9A19103F-16F7-4668-BE54-9A1E7A4F7556}") = "ExFixacaoHashset", "ExFixacaoHashset\ExFixacaoHashset.csproj", "{4C0C8B91-D0B0-410B-8E80-0030048BC8D9}"
EndProject
Project("{FAE04EC0-301F-11D3-BF4B-00C04F79EFBC}") = "ExFixacaoDictionary", "ExFixacaoDictionary\ExFixacaoDictionary.csproj", "{D3F42DA8-EAF3-4074-A5F3-99FB9C3EFC42}"
EndProject
Global
	GlobalSection(SolutionConfigurationPlatforms) = preSolution
		Debug|Any CPU = Debug|Any CPU
		Release|Any CPU = Release|Any CPU
	EndGlobalSection
	GlobalSection(ProjectConfigurationPlatforms) = postSolution
		{512D8728-703D-4A35-95E6-FBABBB2E77B9}.Debug|Any CPU.ActiveCfg = Debug|Any CPU
		{512D8728-703D-4A35-95E6-FBABBB2E77B9}.Debug|Any CPU.Build.0 = Debug|Any CPU
		{512D8728-703D-4A35-95E6-FBABBB2E77B9}.Release|Any CPU.ActiveCfg = Release|Any CPU
		{512D8728-703D-4A35-95E6-FBABBB2E77B9}.Release|Any CPU.Build.0 = Release|Any CPU
		{100E2384-4507-477C-A9DA-82418CF0BD9F}.Debug|Any CPU.ActiveCfg = Debug|Any CPU
		{100E2384-4507-477C-A9DA-82418CF0BD9F}.Debug|Any CPU.Build.0 = Debug|Any CPU
		{100E2384-4507-477C-A9DA-82418CF0BD9F}.Release|Any CPU.ActiveCfg = Release|Any CPU
		{100E2384-4507-477C-A9DA-82418CF0BD9F}.Release|Any CPU.Build.0 = Release|Any CPU
		{54DACC7C-D4F1-4A7E-91B0-FD7A2616FAF4}.Debug|Any CPU.ActiveCfg = Debug|Any CPU
		{54DACC7C-D4F1-4A7E-91B0-FD7A2616FAF4}.Debug|Any CPU.Build.0 = Debug|Any CPU
		{54DACC7C-D4F1-4A7E-91B0-FD7A2616FAF4}.Release|Any CPU.ActiveCfg = Release|Any CPU
		{54DACC7C-D4F1-4A7E-91B0-FD7A2616FAF4}.Release|Any CPU.Build.0 = Release|Any CPU
		{416DC81E-0873-46E3-8CA9-8E7D9A40C0FF}.Debug|Any CPU.ActiveCfg = Debug|Any CPU
		{416DC81E-0873-46E3-8CA9-8E7D9A40C0FF}.Debug|Any CPU.Build.0 = Debug|Any CPU
		{416DC81E-0873-46E3-8CA9-8E7D9A40C0FF}.Release|Any CPU.ActiveCfg = Release|Any CPU
		{416DC81E-0873-46E3-8CA9-8E7D9A40C0FF}.Release|Any CPU.Build.0 = Release|Any CPU
		{202D9A2A-9457-4E5C-AE93-77A40EA4018B}.Debug|Any CPU.ActiveCfg = Debug|Any CPU
		{202D9A2A-9457-4E5C-AE93-77A40EA4018B}.Debug|Any CPU.Build.0 = Debug|Any CPU
		{202D9A2A-9457-4E5C-AE93-77A40EA4018B}.Release|Any CPU.ActiveCfg = Release|Any CPU
		{202D9A2A-9457-4E5C-AE93-77A40EA4018B}.Release|Any CPU.Build.0 = Release|Any CPU
		{74A14C97-0053-4DD3-851A-8131FDEE8A1E}.Debug|Any CPU.ActiveCfg = Debug|Any CPU
		{74A14C97-0053-4DD3-851A-8131FDEE8A1E}.Debug|Any CPU.Build.0 = Debug|Any CPU
		{74A14C97-0053-4DD3-851A-8131FDEE8A1E}.Release|Any CPU.ActiveCfg = Release|Any CPU
		{74A14C97-0053-4DD3-851A-8131FDEE8A1E}.Release|Any CPU.Build.0 = Release|Any CPU
		{36D940E4-4A88-454C-AEE6-F70AD551D2CC}.Debug|Any CPU.ActiveCfg = Debug|Any CPU
		{36D940E4-4A88-454C-AEE6-F70AD551D2CC}.Debug|Any CPU.Build.0 = Debug|Any CPU
		{36D940E4-4A88-454C-AEE6-F70AD551D2CC}.Release|Any CPU.ActiveCfg = Release|Any CPU
		{36D940E4-4A88-454C-AEE6-F70AD551D2CC}.Release|Any CPU.Build.0 = Release|Any CPU
		{75F9D8F6-8C91-4F4F-9341-06C472491BB3}.Debug|Any CPU.ActiveCfg = Debug|Any CPU
		{75F9D8F6-8C91-4F4F-9341-06C472491BB3}.Debug|Any CPU.Build.0 = Debug|Any CPU
		{75F9D8F6-8C91-4F4F-9341-06C472491BB3}.Release|Any CPU.ActiveCfg = Release|Any CPU
		{75F9D8F6-8C91-4F4F-9341-06C472491BB3}.Release|Any CPU.Build.0 = Release|Any CPU
		{EBA541EE-555D-4067-90B6-DB68169742FC}.Debug|Any CPU.ActiveCfg = Debug|Any CPU
		{EBA541EE-555D-4067-90B6-DB68169742FC}.Debug|Any CPU.Build.0 = Debug|Any CPU
		{EBA541EE-555D-4067-90B6-DB68169742FC}.Release|Any CPU.ActiveCfg = Release|Any CPU
		{EBA541EE-555D-4067-90B6-DB68169742FC}.Release|Any CPU.Build.0 = Release|Any CPU
		{4C0C8B91-D0B0-410B-8E80-0030048BC8D9}.Debug|Any CPU.ActiveCfg = Debug|Any CPU
		{4C0C8B91-D0B0-410B-8E80-0030048BC8D9}.Debug|Any CPU.Build.0 = Debug|Any CPU
		{4C0C8B91-D0B0-410B-8E80-0030048BC8D9}.Release|Any CPU.ActiveCfg = Release|Any CPU
		{4C0C8B91-D0B0-410B-8E80-0030048BC8D9}.Release|Any CPU.Build.0 = Release|Any CPU
		{D3F42DA8-EAF3-4074-A5F3-99FB9C3EFC42}.Debug|Any CPU.ActiveCfg = Debug|Any CPU
		{D3F42DA8-EAF3-4074-A5F3-99FB9C3EFC42}.Debug|Any CPU.Build.0 = Debug|Any CPU
		{D3F42DA8-EAF3-4074-A5F3-99FB9C3EFC42}.Release|Any CPU.ActiveCfg = Release|Any CPU
		{D3F42DA8-EAF3-4074-A5F3-99FB9C3EFC42}.Release|Any CPU.Build.0 = Release|Any CPU
	EndGlobalSection
	GlobalSection(SolutionProperties) = preSolution
		HideSolutionNode = FALSE
	EndGlobalSection
	GlobalSection(ExtensibilityGlobals) = postSolution
		SolutionGuid = {5382AA6B-785B-4DF4-8DBA-217F6711EB3F}
	EndGlobalSection
EndGlobal
